// !$*UTF8*$!
{
	archiveVersion = 1;
	classes = {
	};
	objectVersion = 48;
	objects = {

/* Begin PBXBuildFile section */
		933A0B2A209640A400359CD4 /* AppDelegate.m in Sources */ = {isa = PBXBuildFile; fileRef = 933A0B29209640A400359CD4 /* AppDelegate.m */; };
		933A0B2D209640A400359CD4 /* ViewController.m in Sources */ = {isa = PBXBuildFile; fileRef = 933A0B2C209640A400359CD4 /* ViewController.m */; };
		933A0B30209640A400359CD4 /* Main.storyboard in Resources */ = {isa = PBXBuildFile; fileRef = 933A0B2E209640A400359CD4 /* Main.storyboard */; };
		933A0B32209640A400359CD4 /* Assets.xcassets in Resources */ = {isa = PBXBuildFile; fileRef = 933A0B31209640A400359CD4 /* Assets.xcassets */; };
		933A0B35209640A400359CD4 /* LaunchScreen.storyboard in Resources */ = {isa = PBXBuildFile; fileRef = 933A0B33209640A400359CD4 /* LaunchScreen.storyboard */; };
		933A0B38209640A400359CD4 /* main.m in Sources */ = {isa = PBXBuildFile; fileRef = 933A0B37209640A400359CD4 /* main.m */; };
		933A0B42209640A400359CD4 /* TestAppTests.m in Sources */ = {isa = PBXBuildFile; fileRef = 933A0B41209640A400359CD4 /* TestAppTests.m */; };
		933A0B4D209640A400359CD4 /* TestAppUITests.m in Sources */ = {isa = PBXBuildFile; fileRef = 933A0B4C209640A400359CD4 /* TestAppUITests.m */; };
/* End PBXBuildFile section */

/* Begin PBXContainerItemProxy section */
		933A0B3E209640A400359CD4 /* PBXContainerItemProxy */ = {
			isa = PBXContainerItemProxy;
			containerPortal = 933A0B1D209640A400359CD4 /* Project object */;
			proxyType = 1;
			remoteGlobalIDString = 933A0B24209640A400359CD4;
			remoteInfo = TestApp;
		};
		933A0B49209640A400359CD4 /* PBXContainerItemProxy */ = {
			isa = PBXContainerItemProxy;
			containerPortal = 933A0B1D209640A400359CD4 /* Project object */;
			proxyType = 1;
			remoteGlobalIDString = 933A0B24209640A400359CD4;
			remoteInfo = TestApp;
		};
/* End PBXContainerItemProxy section */

/* Begin PBXFileReference section */
		933A0B25209640A400359CD4 /* TestApp.app */ = {isa = PBXFileReference; explicitFileType = wrapper.application; includeInIndex = 0; path = TestApp.app; sourceTree = BUILT_PRODUCTS_DIR; };
		933A0B28209640A400359CD4 /* AppDelegate.h */ = {isa = PBXFileReference; lastKnownFileType = sourcecode.c.h; path = AppDelegate.h; sourceTree = "<group>"; };
		933A0B29209640A400359CD4 /* AppDelegate.m */ = {isa = PBXFileReference; lastKnownFileType = sourcecode.c.objc; path = AppDelegate.m; sourceTree = "<group>"; };
		933A0B2B209640A400359CD4 /* ViewController.h */ = {isa = PBXFileReference; lastKnownFileType = sourcecode.c.h; path = ViewController.h; sourceTree = "<group>"; };
		933A0B2C209640A400359CD4 /* ViewController.m */ = {isa = PBXFileReference; lastKnownFileType = sourcecode.c.objc; path = ViewController.m; sourceTree = "<group>"; };
		933A0B2F209640A400359CD4 /* Base */ = {isa = PBXFileReference; lastKnownFileType = file.storyboard; name = Base; path = Base.lproj/Main.storyboard; sourceTree = "<group>"; };
		933A0B31209640A400359CD4 /* Assets.xcassets */ = {isa = PBXFileReference; lastKnownFileType = folder.assetcatalog; path = Assets.xcassets; sourceTree = "<group>"; };
		933A0B34209640A400359CD4 /* Base */ = {isa = PBXFileReference; lastKnownFileType = file.storyboard; name = Base; path = Base.lproj/LaunchScreen.storyboard; sourceTree = "<group>"; };
		933A0B36209640A400359CD4 /* Info.plist */ = {isa = PBXFileReference; lastKnownFileType = text.plist.xml; path = Info.plist; sourceTree = "<group>"; };
		933A0B37209640A400359CD4 /* main.m */ = {isa = PBXFileReference; lastKnownFileType = sourcecode.c.objc; path = main.m; sourceTree = "<group>"; };
		933A0B3D209640A400359CD4 /* TestAppTests.xctest */ = {isa = PBXFileReference; explicitFileType = wrapper.cfbundle; includeInIndex = 0; path = TestAppTests.xctest; sourceTree = BUILT_PRODUCTS_DIR; };
		933A0B41209640A400359CD4 /* TestAppTests.m */ = {isa = PBXFileReference; lastKnownFileType = sourcecode.c.objc; path = TestAppTests.m; sourceTree = "<group>"; };
		933A0B43209640A400359CD4 /* Info.plist */ = {isa = PBXFileReference; lastKnownFileType = text.plist.xml; path = Info.plist; sourceTree = "<group>"; };
		933A0B48209640A400359CD4 /* TestAppUITests.xctest */ = {isa = PBXFileReference; explicitFileType = wrapper.cfbundle; includeInIndex = 0; path = TestAppUITests.xctest; sourceTree = BUILT_PRODUCTS_DIR; };
		933A0B4C209640A400359CD4 /* TestAppUITests.m */ = {isa = PBXFileReference; lastKnownFileType = sourcecode.c.objc; path = TestAppUITests.m; sourceTree = "<group>"; };
		933A0B4E209640A400359CD4 /* Info.plist */ = {isa = PBXFileReference; lastKnownFileType = text.plist.xml; path = Info.plist; sourceTree = "<group>"; };
/* End PBXFileReference section */

/* Begin PBXFrameworksBuildPhase section */
		933A0B22209640A400359CD4 /* Frameworks */ = {
			isa = PBXFrameworksBuildPhase;
			buildActionMask = 2147483647;
			files = (
			);
			runOnlyForDeploymentPostprocessing = 0;
		};
		933A0B3A209640A400359CD4 /* Frameworks */ = {
			isa = PBXFrameworksBuildPhase;
			buildActionMask = 2147483647;
			files = (
			);
			runOnlyForDeploymentPostprocessing = 0;
		};
		933A0B45209640A400359CD4 /* Frameworks */ = {
			isa = PBXFrameworksBuildPhase;
			buildActionMask = 2147483647;
			files = (
			);
			runOnlyForDeploymentPostprocessing = 0;
		};
/* End PBXFrameworksBuildPhase section */

/* Begin PBXGroup section */
		933A0B1C209640A400359CD4 = {
			isa = PBXGroup;
			children = (
				933A0B27209640A400359CD4 /* TestApp */,
				933A0B40209640A400359CD4 /* TestAppTests */,
				933A0B4B209640A400359CD4 /* TestAppUITests */,
				933A0B26209640A400359CD4 /* Products */,
			);
			sourceTree = "<group>";
		};
		933A0B26209640A400359CD4 /* Products */ = {
			isa = PBXGroup;
			children = (
				933A0B25209640A400359CD4 /* TestApp.app */,
				933A0B3D209640A400359CD4 /* TestAppTests.xctest */,
				933A0B48209640A400359CD4 /* TestAppUITests.xctest */,
			);
			name = Products;
			sourceTree = "<group>";
		};
		933A0B27209640A400359CD4 /* TestApp */ = {
			isa = PBXGroup;
			children = (
				933A0B28209640A400359CD4 /* AppDelegate.h */,
				933A0B29209640A400359CD4 /* AppDelegate.m */,
				933A0B2B209640A400359CD4 /* ViewController.h */,
				933A0B2C209640A400359CD4 /* ViewController.m */,
				933A0B2E209640A400359CD4 /* Main.storyboard */,
				933A0B31209640A400359CD4 /* Assets.xcassets */,
				933A0B33209640A400359CD4 /* LaunchScreen.storyboard */,
				933A0B36209640A400359CD4 /* Info.plist */,
				933A0B37209640A400359CD4 /* main.m */,
			);
			path = TestApp;
			sourceTree = "<group>";
		};
		933A0B40209640A400359CD4 /* TestAppTests */ = {
			isa = PBXGroup;
			children = (
				933A0B41209640A400359CD4 /* TestAppTests.m */,
				933A0B43209640A400359CD4 /* Info.plist */,
			);
			path = TestAppTests;
			sourceTree = "<group>";
		};
		933A0B4B209640A400359CD4 /* TestAppUITests */ = {
			isa = PBXGroup;
			children = (
				933A0B4C209640A400359CD4 /* TestAppUITests.m */,
				933A0B4E209640A400359CD4 /* Info.plist */,
			);
			path = TestAppUITests;
			sourceTree = "<group>";
		};
/* End PBXGroup section */

/* Begin PBXNativeTarget section */
		933A0B24209640A400359CD4 /* TestApp */ = {
			isa = PBXNativeTarget;
			buildConfigurationList = 933A0B51209640A400359CD4 /* Build configuration list for PBXNativeTarget "TestApp" */;
			buildPhases = (
				933A0B21209640A400359CD4 /* Sources */,
				933A0B22209640A400359CD4 /* Frameworks */,
				933A0B23209640A400359CD4 /* Resources */,
			);
			buildRules = (
			);
			dependencies = (
			);
			name = TestApp;
			productName = TestApp;
			productReference = 933A0B25209640A400359CD4 /* TestApp.app */;
			productType = "com.apple.product-type.application";
		};
		933A0B3C209640A400359CD4 /* TestAppTests */ = {
			isa = PBXNativeTarget;
			buildConfigurationList = 933A0B54209640A400359CD4 /* Build configuration list for PBXNativeTarget "TestAppTests" */;
			buildPhases = (
				933A0B39209640A400359CD4 /* Sources */,
				933A0B3A209640A400359CD4 /* Frameworks */,
				933A0B3B209640A400359CD4 /* Resources */,
			);
			buildRules = (
			);
			dependencies = (
				933A0B3F209640A400359CD4 /* PBXTargetDependency */,
			);
			name = TestAppTests;
			productName = TestAppTests;
			productReference = 933A0B3D209640A400359CD4 /* TestAppTests.xctest */;
			productType = "com.apple.product-type.bundle.unit-test";
		};
		933A0B47209640A400359CD4 /* TestAppUITests */ = {
			isa = PBXNativeTarget;
			buildConfigurationList = 933A0B57209640A400359CD4 /* Build configuration list for PBXNativeTarget "TestAppUITests" */;
			buildPhases = (
				933A0B44209640A400359CD4 /* Sources */,
				933A0B45209640A400359CD4 /* Frameworks */,
				933A0B46209640A400359CD4 /* Resources */,
			);
			buildRules = (
			);
			dependencies = (
				933A0B4A209640A400359CD4 /* PBXTargetDependency */,
			);
			name = TestAppUITests;
			productName = TestAppUITests;
			productReference = 933A0B48209640A400359CD4 /* TestAppUITests.xctest */;
			productType = "com.apple.product-type.bundle.ui-testing";
		};
/* End PBXNativeTarget section */

/* Begin PBXProject section */
		933A0B1D209640A400359CD4 /* Project object */ = {
			isa = PBXProject;
			attributes = {
				LastUpgradeCheck = 0920;
				ORGANIZATIONNAME = "Siddheshwar Narke";
				TargetAttributes = {
					933A0B24209640A400359CD4 = {
						CreatedOnToolsVersion = 9.2;
						ProvisioningStyle = Automatic;
					};
					933A0B3C209640A400359CD4 = {
						CreatedOnToolsVersion = 9.2;
						ProvisioningStyle = Automatic;
						TestTargetID = 933A0B24209640A400359CD4;
					};
					933A0B47209640A400359CD4 = {
						CreatedOnToolsVersion = 9.2;
						ProvisioningStyle = Automatic;
						TestTargetID = 933A0B24209640A400359CD4;
					};
				};
			};
			buildConfigurationList = 933A0B20209640A400359CD4 /* Build configuration list for PBXProject "TestApp" */;
			compatibilityVersion = "Xcode 8.0";
			developmentRegion = en;
			hasScannedForEncodings = 0;
			knownRegions = (
				en,
				Base,
			);
			mainGroup = 933A0B1C209640A400359CD4;
			productRefGroup = 933A0B26209640A400359CD4 /* Products */;
			projectDirPath = "";
			projectRoot = "";
			targets = (
				933A0B24209640A400359CD4 /* TestApp */,
				933A0B3C209640A400359CD4 /* TestAppTests */,
				933A0B47209640A400359CD4 /* TestAppUITests */,
			);
		};
/* End PBXProject section */

/* Begin PBXResourcesBuildPhase section */
		933A0B23209640A400359CD4 /* Resources */ = {
			isa = PBXResourcesBuildPhase;
			buildActionMask = 2147483647;
			files = (
				933A0B35209640A400359CD4 /* LaunchScreen.storyboard in Resources */,
				933A0B32209640A400359CD4 /* Assets.xcassets in Resources */,
				933A0B30209640A400359CD4 /* Main.storyboard in Resources */,
			);
			runOnlyForDeploymentPostprocessing = 0;
		};
		933A0B3B209640A400359CD4 /* Resources */ = {
			isa = PBXResourcesBuildPhase;
			buildActionMask = 2147483647;
			files = (
			);
			runOnlyForDeploymentPostprocessing = 0;
		};
		933A0B46209640A400359CD4 /* Resources */ = {
			isa = PBXResourcesBuildPhase;
			buildActionMask = 2147483647;
			files = (
			);
			runOnlyForDeploymentPostprocessing = 0;
		};
/* End PBXResourcesBuildPhase section */

/* Begin PBXSourcesBuildPhase section */
		933A0B21209640A400359CD4 /* Sources */ = {
			isa = PBXSourcesBuildPhase;
			buildActionMask = 2147483647;
			files = (
				933A0B2D209640A400359CD4 /* ViewController.m in Sources */,
				933A0B38209640A400359CD4 /* main.m in Sources */,
				933A0B2A209640A400359CD4 /* AppDelegate.m in Sources */,
			);
			runOnlyForDeploymentPostprocessing = 0;
		};
		933A0B39209640A400359CD4 /* Sources */ = {
			isa = PBXSourcesBuildPhase;
			buildActionMask = 2147483647;
			files = (
				933A0B42209640A400359CD4 /* TestAppTests.m in Sources */,
			);
			runOnlyForDeploymentPostprocessing = 0;
		};
		933A0B44209640A400359CD4 /* Sources */ = {
			isa = PBXSourcesBuildPhase;
			buildActionMask = 2147483647;
			files = (
				933A0B4D209640A400359CD4 /* TestAppUITests.m in Sources */,
			);
			runOnlyForDeploymentPostprocessing = 0;
		};
/* End PBXSourcesBuildPhase section */

/* Begin PBXTargetDependency section */
		933A0B3F209640A400359CD4 /* PBXTargetDependency */ = {
			isa = PBXTargetDependency;
			target = 933A0B24209640A400359CD4 /* TestApp */;
			targetProxy = 933A0B3E209640A400359CD4 /* PBXContainerItemProxy */;
		};
		933A0B4A209640A400359CD4 /* PBXTargetDependency */ = {
			isa = PBXTargetDependency;
			target = 933A0B24209640A400359CD4 /* TestApp */;
			targetProxy = 933A0B49209640A400359CD4 /* PBXContainerItemProxy */;
		};
/* End PBXTargetDependency section */

/* Begin PBXVariantGroup section */
		933A0B2E209640A400359CD4 /* Main.storyboard */ = {
			isa = PBXVariantGroup;
			children = (
				933A0B2F209640A400359CD4 /* Base */,
			);
			name = Main.storyboard;
			sourceTree = "<group>";
		};
		933A0B33209640A400359CD4 /* LaunchScreen.storyboard */ = {
			isa = PBXVariantGroup;
			children = (
				933A0B34209640A400359CD4 /* Base */,
			);
			name = LaunchScreen.storyboard;
			sourceTree = "<group>";
		};
/* End PBXVariantGroup section */

/* Begin XCBuildConfiguration section */
		933A0B4F209640A400359CD4 /* Debug */ = {
			isa = XCBuildConfiguration;
			buildSettings = {
				ALWAYS_SEARCH_USER_PATHS = NO;
				CLANG_ANALYZER_NONNULL = YES;
				CLANG_ANALYZER_NUMBER_OBJECT_CONVERSION = YES_AGGRESSIVE;
				CLANG_CXX_LANGUAGE_STANDARD = "gnu++14";
				CLANG_CXX_LIBRARY = "libc++";
				CLANG_ENABLE_MODULES = YES;
				CLANG_ENABLE_OBJC_ARC = YES;
				CLANG_WARN_BLOCK_CAPTURE_AUTORELEASING = YES;
				CLANG_WARN_BOOL_CONVERSION = YES;
				CLANG_WARN_COMMA = YES;
				CLANG_WARN_CONSTANT_CONVERSION = YES;
				CLANG_WARN_DIRECT_OBJC_ISA_USAGE = YES_ERROR;
				CLANG_WARN_DOCUMENTATION_COMMENTS = YES;
				CLANG_WARN_EMPTY_BODY = YES;
				CLANG_WARN_ENUM_CONVERSION = YES;
				CLANG_WARN_INFINITE_RECURSION = YES;
				CLANG_WARN_INT_CONVERSION = YES;
				CLANG_WARN_NON_LITERAL_NULL_CONVERSION = YES;
				CLANG_WARN_OBJC_LITERAL_CONVERSION = YES;
				CLANG_WARN_OBJC_ROOT_CLASS = YES_ERROR;
				CLANG_WARN_RANGE_LOOP_ANALYSIS = YES;
				CLANG_WARN_STRICT_PROTOTYPES = YES;
				CLANG_WARN_SUSPICIOUS_MOVE = YES;
				CLANG_WARN_UNGUARDED_AVAILABILITY = YES_AGGRESSIVE;
				CLANG_WARN_UNREACHABLE_CODE = YES;
				CLANG_WARN__DUPLICATE_METHOD_MATCH = YES;
				CODE_SIGN_IDENTITY = "iPhone Developer";
				COPY_PHASE_STRIP = NO;
				DEBUG_INFORMATION_FORMAT = dwarf;
				ENABLE_STRICT_OBJC_MSGSEND = YES;
				ENABLE_TESTABILITY = YES;
				GCC_C_LANGUAGE_STANDARD = gnu11;
				GCC_DYNAMIC_NO_PIC = NO;
				GCC_NO_COMMON_BLOCKS = YES;
				GCC_OPTIMIZATION_LEVEL = 0;
				GCC_PREPROCESSOR_DEFINITIONS = (
					"DEBUG=1",
					"$(inherited)",
				);
				GCC_WARN_64_TO_32_BIT_CONVERSION = YES;
				GCC_WARN_ABOUT_RETURN_TYPE = YES_ERROR;
				GCC_WARN_UNDECLARED_SELECTOR = YES;
				GCC_WARN_UNINITIALIZED_AUTOS = YES_AGGRESSIVE;
				GCC_WARN_UNUSED_FUNCTION = YES;
				GCC_WARN_UNUSED_VARIABLE = YES;
				IPHONEOS_DEPLOYMENT_TARGET = 11.2;
				MTL_ENABLE_DEBUG_INFO = YES;
				ONLY_ACTIVE_ARCH = YES;
				SDKROOT = iphoneos;
			};
			name = Debug;
		};
		933A0B50209640A400359CD4 /* Release */ = {
			isa = XCBuildConfiguration;
			buildSettings = {
				ALWAYS_SEARCH_USER_PATHS = NO;
				CLANG_ANALYZER_NONNULL = YES;
				CLANG_ANALYZER_NUMBER_OBJECT_CONVERSION = YES_AGGRESSIVE;
				CLANG_CXX_LANGUAGE_STANDARD = "gnu++14";
				CLANG_CXX_LIBRARY = "libc++";
				CLANG_ENABLE_MODULES = YES;
				CLANG_ENABLE_OBJC_ARC = YES;
				CLANG_WARN_BLOCK_CAPTURE_AUTORELEASING = YES;
				CLANG_WARN_BOOL_CONVERSION = YES;
				CLANG_WARN_COMMA = YES;
				CLANG_WARN_CONSTANT_CONVERSION = YES;
				CLANG_WARN_DIRECT_OBJC_ISA_USAGE = YES_ERROR;
				CLANG_WARN_DOCUMENTATION_COMMENTS = YES;
				CLANG_WARN_EMPTY_BODY = YES;
				CLANG_WARN_ENUM_CONVERSION = YES;
				CLANG_WARN_INFINITE_RECURSION = YES;
				CLANG_WARN_INT_CONVERSION = YES;
				CLANG_WARN_NON_LITERAL_NULL_CONVERSION = YES;
				CLANG_WARN_OBJC_LITERAL_CONVERSION = YES;
				CLANG_WARN_OBJC_ROOT_CLASS = YES_ERROR;
				CLANG_WARN_RANGE_LOOP_ANALYSIS = YES;
				CLANG_WARN_STRICT_PROTOTYPES = YES;
				CLANG_WARN_SUSPICIOUS_MOVE = YES;
				CLANG_WARN_UNGUARDED_AVAILABILITY = YES_AGGRESSIVE;
				CLANG_WARN_UNREACHABLE_CODE = YES;
				CLANG_WARN__DUPLICATE_METHOD_MATCH = YES;
				CODE_SIGN_IDENTITY = "iPhone Developer";
				COPY_PHASE_STRIP = NO;
				DEBUG_INFORMATION_FORMAT = "dwarf-with-dsym";
				ENABLE_NS_ASSERTIONS = NO;
				ENABLE_STRICT_OBJC_MSGSEND = YES;
				GCC_C_LANGUAGE_STANDARD = gnu11;
				GCC_NO_COMMON_BLOCKS = YES;
				GCC_WARN_64_TO_32_BIT_CONVERSION = YES;
				GCC_WARN_ABOUT_RETURN_TYPE = YES_ERROR;
				GCC_WARN_UNDECLARED_SELECTOR = YES;
				GCC_WARN_UNINITIALIZED_AUTOS = YES_AGGRESSIVE;
				GCC_WARN_UNUSED_FUNCTION = YES;
				GCC_WARN_UNUSED_VARIABLE = YES;
				IPHONEOS_DEPLOYMENT_TARGET = 11.2;
				MTL_ENABLE_DEBUG_INFO = NO;
				SDKROOT = iphoneos;
				VALIDATE_PRODUCT = YES;
			};
			name = Release;
		};
		933A0B52209640A400359CD4 /* Debug */ = {
			isa = XCBuildConfiguration;
			buildSettings = {
				ASSETCATALOG_COMPILER_APPICON_NAME = AppIcon;
				CODE_SIGN_STYLE = Automatic;
				INFOPLIST_FILE = TestApp/Info.plist;
				LD_RUNPATH_SEARCH_PATHS = "$(inherited) @executable_path/Frameworks";
				PRODUCT_BUNDLE_IDENTIFIER = test.TestApp;
				PRODUCT_NAME = "$(TARGET_NAME)";
				TARGETED_DEVICE_FAMILY = "1,2";
			};
			name = Debug;
		};
		933A0B53209640A400359CD4 /* Release */ = {
			isa = XCBuildConfiguration;
			buildSettings = {
				ASSETCATALOG_COMPILER_APPICON_NAME = AppIcon;
				CODE_SIGN_STYLE = Automatic;
				INFOPLIST_FILE = TestApp/Info.plist;
				LD_RUNPATH_SEARCH_PATHS = "$(inherited) @executable_path/Frameworks";
				PRODUCT_BUNDLE_IDENTIFIER = test.TestApp;
				PRODUCT_NAME = "$(TARGET_NAME)";
				TARGETED_DEVICE_FAMILY = "1,2";
			};
			name = Release;
		};
		933A0B55209640A400359CD4 /* Debug */ = {
			isa = XCBuildConfiguration;
			buildSettings = {
				BUNDLE_LOADER = "$(TEST_HOST)";
				CODE_SIGN_STYLE = Automatic;
				INFOPLIST_FILE = TestAppTests/Info.plist;
				LD_RUNPATH_SEARCH_PATHS = "$(inherited) @executable_path/Frameworks @loader_path/Frameworks";
				PRODUCT_BUNDLE_IDENTIFIER = test.TestAppTests;
				PRODUCT_NAME = "$(TARGET_NAME)";
				TARGETED_DEVICE_FAMILY = "1,2";
				TEST_HOST = "$(BUILT_PRODUCTS_DIR)/TestApp.app/TestApp";
			};
			name = Debug;
		};
		933A0B56209640A400359CD4 /* Release */ = {
			isa = XCBuildConfiguration;
			buildSettings = {
				BUNDLE_LOADER = "$(TEST_HOST)";
				CODE_SIGN_STYLE = Automatic;
				INFOPLIST_FILE = TestAppTests/Info.plist;
				LD_RUNPATH_SEARCH_PATHS = "$(inherited) @executable_path/Frameworks @loader_path/Frameworks";
				PRODUCT_BUNDLE_IDENTIFIER = test.TestAppTests;
				PRODUCT_NAME = "$(TARGET_NAME)";
				TARGETED_DEVICE_FAMILY = "1,2";
				TEST_HOST = "$(BUILT_PRODUCTS_DIR)/TestApp.app/TestApp";
			};
			name = Release;
		};
		933A0B58209640A400359CD4 /* Debug */ = {
			isa = XCBuildConfiguration;
			buildSettings = {
				CODE_SIGN_STYLE = Automatic;
				INFOPLIST_FILE = TestAppUITests/Info.plist;
				LD_RUNPATH_SEARCH_PATHS = "$(inherited) @executable_path/Frameworks @loader_path/Frameworks";
				PRODUCT_BUNDLE_IDENTIFIER = test.TestAppUITests;
				PRODUCT_NAME = "$(TARGET_NAME)";
				TARGETED_DEVICE_FAMILY = "1,2";
				TEST_TARGET_NAME = TestApp;
			};
			name = Debug;
		};
		933A0B59209640A400359CD4 /* Release */ = {
			isa = XCBuildConfiguration;
			buildSettings = {
				CODE_SIGN_STYLE = Automatic;
				INFOPLIST_FILE = TestAppUITests/Info.plist;
				LD_RUNPATH_SEARCH_PATHS = "$(inherited) @executable_path/Frameworks @loader_path/Frameworks";
				PRODUCT_BUNDLE_IDENTIFIER = test.TestAppUITests;
				PRODUCT_NAME = "$(TARGET_NAME)";
				TARGETED_DEVICE_FAMILY = "1,2";
				TEST_TARGET_NAME = TestApp;
			};
			name = Release;
		};
/* End XCBuildConfiguration section */

/* Begin XCConfigurationList section */
		933A0B20209640A400359CD4 /* Build configuration list for PBXProject "TestApp" */ = {
			isa = XCConfigurationList;
			buildConfigurations = (
				933A0B4F209640A400359CD4 /* Debug */,
				933A0B50209640A400359CD4 /* Release */,
			);
			defaultConfigurationIsVisible = 0;
			defaultConfigurationName = Release;
		};
		933A0B51209640A400359CD4 /* Build configuration list for PBXNativeTarget "TestApp" */ = {
			isa = XCConfigurationList;
			buildConfigurations = (
				933A0B52209640A400359CD4 /* Debug */,
				933A0B53209640A400359CD4 /* Release */,
			);
			defaultConfigurationIsVisible = 0;
			defaultConfigurationName = Release;
		};
		933A0B54209640A400359CD4 /* Build configuration list for PBXNativeTarget "TestAppTests" */ = {
			isa = XCConfigurationList;
			buildConfigurations = (
				933A0B55209640A400359CD4 /* Debug */,
				933A0B56209640A400359CD4 /* Release */,
			);
			defaultConfigurationIsVisible = 0;
			defaultConfigurationName = Release;
		};
		933A0B57209640A400359CD4 /* Build configuration list for PBXNativeTarget "TestAppUITests" */ = {
			isa = XCConfigurationList;
			buildConfigurations = (
				933A0B58209640A400359CD4 /* Debug */,
				933A0B59209640A400359CD4 /* Release */,
			);
			defaultConfigurationIsVisible = 0;
			defaultConfigurationName = Release;
		};
/* End XCConfigurationList section */
	};
	rootObject = 933A0B1D209640A400359CD4 /* Project object */;
}
